
Microsoft Visual Studio Solution File, Format Version 12.00
# Visual Studio Version 17
VisualStudioVersion = 17.3.32811.315
MinimumVisualStudioVersion = 10.0.40219.1
Project("{FAE04EC0-301F-11D3-BF4B-00C04F79EFBC}") = "Program1", "Program1\Program1.csproj", "{0BB28BE5-6BE9-4C51-B2F1-CD6EC5DCEF4F}"
EndProject
Global
	GlobalSection(SolutionConfigurationPlatforms) = preSolution
		Debug|Any CPU = Debug|Any CPU
		Release|Any CPU = Release|Any CPU
	EndGlobalSection
	GlobalSection(ProjectConfigurationPlatforms) = postSolution
		{0BB28BE5-6BE9-4C51-B2F1-CD6EC5DCEF4F}.Debug|Any CPU.ActiveCfg = Debug|Any CPU
		{0BB28BE5-6BE9-4C51-B2F1-CD6EC5DCEF4F}.Debug|Any CPU.Build.0 = Debug|Any CPU
		{0BB28BE5-6BE9-4C51-B2F1-CD6EC5DCEF4F}.Release|Any CPU.ActiveCfg = Release|Any CPU
		{0BB28BE5-6BE9-4C51-B2F1-CD6EC5DCEF4F}.Release|Any CPU.Build.0 = Release|Any CPU
	EndGlobalSection
	GlobalSection(SolutionProperties) = preSolution
		HideSolutionNode = FALSE
	EndGlobalSection
	GlobalSection(ExtensibilityGlobals) = postSolution
		SolutionGuid = {3EE9DEE1-C360-4323-90EA-3709A38E93A5}
	EndGlobalSection
EndGlobal
